hash: bb2c2c8a7e39ef313737c209457870a6cb6ba959aeeb8400731a591d46ca6ba4
updated: 2017-10-09T18:34:35.601034596+03:00
imports:
- name: github.com/aws/aws-sdk-go
  version: 760741802ad40f49ae9fc4a69ef6706d2527d62e
  subpackages:
  - aws
  - aws/awserr
  - aws/awsutil
  - aws/client
  - aws/client/metadata
  - aws/corehandlers
  - aws/credentials
  - aws/credentials/ec2rolecreds
  - aws/credentials/endpointcreds
  - aws/credentials/stscreds
  - aws/defaults
  - aws/ec2metadata
  - aws/endpoints
  - aws/request
  - aws/session
  - aws/signer/v4
  - internal/shareddefaults
  - private/protocol
  - private/protocol/ec2query
  - private/protocol/query
  - private/protocol/query/queryutil
  - private/protocol/rest
  - private/protocol/xml/xmlutil
  - service/ec2
  - service/sts
- name: github.com/go-ini/ini
  version: 20b96f641a5ea98f2f8619ff4f3e061cff4833bd
- name: github.com/inconshreveable/mousetrap
  version: 76626ae9c91c4f2a10f34cad8ce83ea42c93bb75
- name: github.com/jmespath/go-jmespath
  version: bd40a432e4c76585ef6b72d3fd96fb9b6dc7b68d
- name: github.com/pkg/errors
  version: 645ef00459ed84a119197bfb8d8205042c6df63d
- name: github.com/spf13/cobra
  version: d5bde60e022436203e377c47806e001418c16af3
  subpackages:
  - cobra
- name: github.com/spf13/pflag
  version: e57e3eeb33f795204c1ca35f56c44f83227c6e66
testImports: []
